
Microsoft Visual Studio Solution File, Format Version 12.00
# Visual Studio 15
VisualStudioVersion = 15.0.28307.489
MinimumVisualStudioVersion = 10.0.40219.1
Project("{8BC9CEB8-8B4A-11D0-8D11-00A0C91BC942}") = "Project1Infra", "Project1Infra\Project1Infra.vcxproj", "{464FA32E-6650-43E3-A4DB-08F5BE35F92E}"
EndProject
Global
	GlobalSection(SolutionConfigurationPlatforms) = preSolution
		Debug|x64 = Debug|x64
		Debug|x86 = Debug|x86
		Release|x64 = Release|x64
		Release|x86 = Release|x86
	EndGlobalSection
	GlobalSection(ProjectConfigurationPlatforms) = postSolution
		{464FA32E-6650-43E3-A4DB-08F5BE35F92E}.Debug|x64.ActiveCfg = Debug|x64
		{464FA32E-6650-43E3-A4DB-08F5BE35F92E}.Debug|x64.Build.0 = Debug|x64
		{464FA32E-6650-43E3-A4DB-08F5BE35F92E}.Debug|x86.ActiveCfg = Debug|Win32
		{464FA32E-6650-43E3-A4DB-08F5BE35F92E}.Debug|x86.Build.0 = Debug|Win32
		{464FA32E-6650-43E3-A4DB-08F5BE35F92E}.Release|x64.ActiveCfg = Release|x64
		{464FA32E-6650-43E3-A4DB-08F5BE35F92E}.Release|x64.Build.0 = Release|x64
		{464FA32E-6650-43E3-A4DB-08F5BE35F92E}.Release|x86.ActiveCfg = Release|Win32
		{464FA32E-6650-43E3-A4DB-08F5BE35F92E}.Release|x86.Build.0 = Release|Win32
	EndGlobalSection
	GlobalSection(SolutionProperties) = preSolution
		HideSolutionNode = FALSE
	EndGlobalSection
	GlobalSection(ExtensibilityGlobals) = postSolution
		SolutionGuid = {3F0FB046-C8AF-4E6E-BB2C-9EC2E2FA9E86}
	EndGlobalSection
EndGlobal
